
Microsoft Visual Studio Solution File, Format Version 12.00
# Visual Studio 2013
VisualStudioVersion = 12.0.31101.0
MinimumVisualStudioVersion = 10.0.40219.1
Project("{FAE04EC0-301F-11D3-BF4B-00C04F79EFBC}") = "01.WhetherYearIsALeap", "01.WhetherYearIsALeap\01.WhetherYearIsALeap.csproj", "{9E04FE4B-9ED9-4B82-BE8C-BF4E135859CE}"
EndProject
Project("{FAE04EC0-301F-11D3-BF4B-00C04F79EFBC}") = "02.GeneratesAndPrints10RandomValues", "02.GeneratesAndPrints10RandomValues\02.GeneratesAndPrints10RandomValues.csproj", "{F5413B15-052B-4552-8107-6A2A9597E651}"
EndProject
Project("{FAE04EC0-301F-11D3-BF4B-00C04F79EFBC}") = "03.WhichDayOfTheWeekIsToday", "03.WhichDayOfTheWeekIsToday\03.WhichDayOfTheWeekIsToday.csproj", "{908938EB-41B6-4A1E-98CA-AE579F653F7E}"
EndProject
Project("{FAE04EC0-301F-11D3-BF4B-00C04F79EFBC}") = "04.CalculateSurfaceOfATriangle", "04.CalculateSurfaceOfATriangle\04.CalculateSurfaceOfATriangle.csproj", "{7213F586-8DEE-4AC0-8C12-8489DA711BE8}"
EndProject
Project("{FAE04EC0-301F-11D3-BF4B-00C04F79EFBC}") = "05.WorkdaysBetweenTodayAndGivenDate", "05.WorkdaysBetweenTodayAndGivenDate\05.WorkdaysBetweenTodayAndGivenDate.csproj", "{E5833E74-A0AB-45B0-8640-CCB6BDB1F5A0}"
EndProject
Project("{FAE04EC0-301F-11D3-BF4B-00C04F79EFBC}") = "06.CalculateSumFromStringOfPositiveInt", "06.CalculateSumFromStringOfPositiveInt\06.CalculateSumFromStringOfPositiveInt.csproj", "{5229BA8A-21D2-4781-8036-F88FC5AFA7DB}"
EndProject
Project("{FAE04EC0-301F-11D3-BF4B-00C04F79EFBC}") = "07.MathExpressionCalculator", "07.MathExpressionCalculator\07.MathExpressionCalculator.csproj", "{3129C757-A27E-493A-B6EF-BDEDBB26529E}"
EndProject
Global
	GlobalSection(SolutionConfigurationPlatforms) = preSolution
		Debug|Any CPU = Debug|Any CPU
		Release|Any CPU = Release|Any CPU
	EndGlobalSection
	GlobalSection(ProjectConfigurationPlatforms) = postSolution
		{9E04FE4B-9ED9-4B82-BE8C-BF4E135859CE}.Debug|Any CPU.ActiveCfg = Debug|Any CPU
		{9E04FE4B-9ED9-4B82-BE8C-BF4E135859CE}.Debug|Any CPU.Build.0 = Debug|Any CPU
		{9E04FE4B-9ED9-4B82-BE8C-BF4E135859CE}.Release|Any CPU.ActiveCfg = Release|Any CPU
		{9E04FE4B-9ED9-4B82-BE8C-BF4E135859CE}.Release|Any CPU.Build.0 = Release|Any CPU
		{F5413B15-052B-4552-8107-6A2A9597E651}.Debug|Any CPU.ActiveCfg = Debug|Any CPU
		{F5413B15-052B-4552-8107-6A2A9597E651}.Debug|Any CPU.Build.0 = Debug|Any CPU
		{F5413B15-052B-4552-8107-6A2A9597E651}.Release|Any CPU.ActiveCfg = Release|Any CPU
		{F5413B15-052B-4552-8107-6A2A9597E651}.Release|Any CPU.Build.0 = Release|Any CPU
		{908938EB-41B6-4A1E-98CA-AE579F653F7E}.Debug|Any CPU.ActiveCfg = Debug|Any CPU
		{908938EB-41B6-4A1E-98CA-AE579F653F7E}.Debug|Any CPU.Build.0 = Debug|Any CPU
		{908938EB-41B6-4A1E-98CA-AE579F653F7E}.Release|Any CPU.ActiveCfg = Release|Any CPU
		{908938EB-41B6-4A1E-98CA-AE579F653F7E}.Release|Any CPU.Build.0 = Release|Any CPU
		{7213F586-8DEE-4AC0-8C12-8489DA711BE8}.Debug|Any CPU.ActiveCfg = Debug|Any CPU
		{7213F586-8DEE-4AC0-8C12-8489DA711BE8}.Debug|Any CPU.Build.0 = Debug|Any CPU
		{7213F586-8DEE-4AC0-8C12-8489DA711BE8}.Release|Any CPU.ActiveCfg = Release|Any CPU
		{7213F586-8DEE-4AC0-8C12-8489DA711BE8}.Release|Any CPU.Build.0 = Release|Any CPU
		{E5833E74-A0AB-45B0-8640-CCB6BDB1F5A0}.Debug|Any CPU.ActiveCfg = Debug|Any CPU
		{E5833E74-A0AB-45B0-8640-CCB6BDB1F5A0}.Debug|Any CPU.Build.0 = Debug|Any CPU
		{E5833E74-A0AB-45B0-8640-CCB6BDB1F5A0}.Release|Any CPU.ActiveCfg = Release|Any CPU
		{E5833E74-A0AB-45B0-8640-CCB6BDB1F5A0}.Release|Any CPU.Build.0 = Release|Any CPU
		{5229BA8A-21D2-4781-8036-F88FC5AFA7DB}.Debug|Any CPU.ActiveCfg = Debug|Any CPU
		{5229BA8A-21D2-4781-8036-F88FC5AFA7DB}.Debug|Any CPU.Build.0 = Debug|Any CPU
		{5229BA8A-21D2-4781-8036-F88FC5AFA7DB}.Release|Any CPU.ActiveCfg = Release|Any CPU
		{5229BA8A-21D2-4781-8036-F88FC5AFA7DB}.Release|Any CPU.Build.0 = Release|Any CPU
		{3129C757-A27E-493A-B6EF-BDEDBB26529E}.Debug|Any CPU.ActiveCfg = Debug|Any CPU
		{3129C757-A27E-493A-B6EF-BDEDBB26529E}.Debug|Any CPU.Build.0 = Debug|Any CPU
		{3129C757-A27E-493A-B6EF-BDEDBB26529E}.Release|Any CPU.ActiveCfg = Release|Any CPU
		{3129C757-A27E-493A-B6EF-BDEDBB26529E}.Release|Any CPU.Build.0 = Release|Any CPU
	EndGlobalSection
	GlobalSection(SolutionProperties) = preSolution
		HideSolutionNode = FALSE
	EndGlobalSection
EndGlobal
