
Microsoft Visual Studio Solution File, Format Version 12.00
# Visual Studio 2013
VisualStudioVersion = 12.0.31101.0
MinimumVisualStudioVersion = 10.0.40219.1
Project("{FAE04EC0-301F-11D3-BF4B-00C04F79EFBC}") = "01.AmericanPie", "01.AmericanPie\01.AmericanPie.csproj", "{B7F404C1-7603-486E-BF15-2EBE2DF46B50}"
EndProject
Project("{FAE04EC0-301F-11D3-BF4B-00C04F79EFBC}") = "02.ApplesOrOranges", "02.ApplesOrOranges\02.ApplesOrOranges.csproj", "{44FD63A7-0ECC-46E4-920A-40988BCE53A0}"
EndProject
Project("{FAE04EC0-301F-11D3-BF4B-00C04F79EFBC}") = "03.BinaryDigits", "03.BinaryDigits\03.BinaryDigits.csproj", "{2741DA4D-D08A-4F7C-A087-08941F7BCD26}"
EndProject
Project("{FAE04EC0-301F-11D3-BF4B-00C04F79EFBC}") = "04.EasterMister", "04.EasterMister\04.EasterMister.csproj", "{53C68409-3141-491C-A8AB-1BBA79EE6BA2}"
EndProject
Global
	GlobalSection(SolutionConfigurationPlatforms) = preSolution
		Debug|Any CPU = Debug|Any CPU
		Release|Any CPU = Release|Any CPU
	EndGlobalSection
	GlobalSection(ProjectConfigurationPlatforms) = postSolution
		{B7F404C1-7603-486E-BF15-2EBE2DF46B50}.Debug|Any CPU.ActiveCfg = Debug|Any CPU
		{B7F404C1-7603-486E-BF15-2EBE2DF46B50}.Debug|Any CPU.Build.0 = Debug|Any CPU
		{B7F404C1-7603-486E-BF15-2EBE2DF46B50}.Release|Any CPU.ActiveCfg = Release|Any CPU
		{B7F404C1-7603-486E-BF15-2EBE2DF46B50}.Release|Any CPU.Build.0 = Release|Any CPU
		{44FD63A7-0ECC-46E4-920A-40988BCE53A0}.Debug|Any CPU.ActiveCfg = Debug|Any CPU
		{44FD63A7-0ECC-46E4-920A-40988BCE53A0}.Debug|Any CPU.Build.0 = Debug|Any CPU
		{44FD63A7-0ECC-46E4-920A-40988BCE53A0}.Release|Any CPU.ActiveCfg = Release|Any CPU
		{44FD63A7-0ECC-46E4-920A-40988BCE53A0}.Release|Any CPU.Build.0 = Release|Any CPU
		{2741DA4D-D08A-4F7C-A087-08941F7BCD26}.Debug|Any CPU.ActiveCfg = Debug|Any CPU
		{2741DA4D-D08A-4F7C-A087-08941F7BCD26}.Debug|Any CPU.Build.0 = Debug|Any CPU
		{2741DA4D-D08A-4F7C-A087-08941F7BCD26}.Release|Any CPU.ActiveCfg = Release|Any CPU
		{2741DA4D-D08A-4F7C-A087-08941F7BCD26}.Release|Any CPU.Build.0 = Release|Any CPU
		{53C68409-3141-491C-A8AB-1BBA79EE6BA2}.Debug|Any CPU.ActiveCfg = Debug|Any CPU
		{53C68409-3141-491C-A8AB-1BBA79EE6BA2}.Debug|Any CPU.Build.0 = Debug|Any CPU
		{53C68409-3141-491C-A8AB-1BBA79EE6BA2}.Release|Any CPU.ActiveCfg = Release|Any CPU
		{53C68409-3141-491C-A8AB-1BBA79EE6BA2}.Release|Any CPU.Build.0 = Release|Any CPU
	EndGlobalSection
	GlobalSection(SolutionProperties) = preSolution
		HideSolutionNode = FALSE
	EndGlobalSection
EndGlobal
